{
  "name": "serraraspi",
  "version": "1.0.0",
  "lockfileVersion": 1,
  "requires": true,
  "dependencies": {
    "ads1115": {
      "version": "1.2.0",
      "resolved": "https://registry.npmjs.org/ads1115/-/ads1115-1.2.0.tgz",
      "integrity": "sha512-4mdm9pCw8PwxxT6fYaU3+T8MUHtMyQpeB2ZDJYqbRVLKFyyfmiulO4saSQIN+BTCbz3KJX9vLwnv5+VkV1lp4g==",
      "requires": {
        "debug": "^4.1.1"
      }
    },
    "bindings": {
      "version": "1.5.0",
      "resolved": "https://registry.npmjs.org/bindings/-/bindings-1.5.0.tgz",
      "integrity": "sha512-p2q/t/mhvuOj/UeLlV6566GD/guowlr0hHxClI0W9m7MWYkL1F0hLo+0Aexs9HSPCtR1SXQ0TD3MMKrXZajbiQ==",
      "requires": {
        "file-uri-to-path": "1.0.0"
      }
    },
    "debug": {
      "version": "4.3.1",
      "resolved": "https://registry.npmjs.org/debug/-/debug-4.3.1.tgz",
      "integrity": "sha512-doEwdvm4PCeK4K3RQN2ZC2BYUBaxwLARCqZmMjtF8a51J2Rb0xpVloFRnCODwqjpwnAoao4pelN8l3RJdv3gRQ==",
      "requires": {
        "ms": "2.1.2"
      }
    },
    "file-uri-to-path": {
      "version": "1.0.0",
      "resolved": "https://registry.npmjs.org/file-uri-to-path/-/file-uri-to-path-1.0.0.tgz",
      "integrity": "sha512-0Zt+s3L7Vf1biwWZ29aARiVYLx7iMGnEUl9x33fbB/j3jR81u/O2LbqK+Bm1CDSNDKVtJ/YjwY7TUd5SkeLQLw=="
    },
    "i2c-bus": {
      "version": "5.2.1",
      "resolved": "https://registry.npmjs.org/i2c-bus/-/i2c-bus-5.2.1.tgz",
      "integrity": "sha512-ihfUEG8BPbmVkwLJv2vZmvXUNZ8TUCIqnTAVgSwzqH72jouT3HdpJOJCGIwJt8SQ8H7QpefvWqDuT40TnnUELQ==",
      "requires": {
        "bindings": "^1.5.0",
        "nan": "^2.14.1"
      }
    },
    "ms": {
      "version": "2.1.2",
      "resolved": "https://registry.npmjs.org/ms/-/ms-2.1.2.tgz",
      "integrity": "sha512-sGkPx+VjMtmA6MX27oA4FBFELFCZZ4S4XqeGOXCv68tT+jb3vk/RyaKWP0PTKyWtmLSM0b+adUTEvbs1PEaH2w=="
    },
    "nan": {
      "version": "2.14.2",
      "resolved": "https://registry.npmjs.org/nan/-/nan-2.14.2.tgz",
      "integrity": "sha512-M2ufzIiINKCuDfBSAUr1vWQ+vuVcA9kqx8JJUsbQi6yf1uGRyb7HfpdfUr5qLXf3B/t8dPvcjhKMmlfnP47EzQ=="
    },
    "node-addon-api": {
      "version": "1.7.2",
      "resolved": "https://registry.npmjs.org/node-addon-api/-/node-addon-api-1.7.2.tgz",
      "integrity": "sha512-ibPK3iA+vaY1eEjESkQkM0BbCqFOaZMiXRTtdB0u7b4djtY6JnsjvPdUHVMg6xQt3B8fpTTWHI9A+ADjM9frzg=="
    },
    "node-dht-sensor": {
      "version": "0.4.3",
      "resolved": "https://registry.npmjs.org/node-dht-sensor/-/node-dht-sensor-0.4.3.tgz",
      "integrity": "sha512-DMJO6UjWiDF3WP0qAgzPXDAAMAT0VVedFbtCUU/jynIRPO2Sa+2zwA3d7ySriha87Tccd4e+kiJoOxSc9BkSKw==",
      "requires": {
        "node-addon-api": "^1.6.3"
      }
    }
  }
}
